<?xml version="1.0" encoding="utf-8"?>
<Project ToolsVersion="4.0" xmlns="http://schemas.microsoft.com/developer/msbuild/2003">
  <ItemGroup>
    <Filter Include="Source Files">
      <UniqueIdentifier>{4FC737F1-C7A5-4376-A066-2A32D752A2FF}</UniqueIdentifier>
      <Extensions>cpp;c;cc;cxx;def;odl;idl;hpj;bat;asm;asmx</Extensions>
    </Filter>
    <Filter Include="Header Files">
      <UniqueIdentifier>{93995380-89BD-4b04-88EB-625FBE52EBFB}</UniqueIdentifier>
      <Extensions>h;hh;hpp;hxx;hm;inl;inc;xsd</Extensions>
    </Filter>
    <Filter Include="Resource Files">
      <UniqueIdentifier>{67DA6AB6-F800-4c08-8B7A-83BB121AAD01}</UniqueIdentifier>
      <Extensions>rc;ico;cur;bmp;dlg;rc2;rct;bin;rgs;gif;jpg;jpeg;jpe;resx;tiff;tif;png;wav;mfcribbon-ms</Extensions>
    </Filter>
    <Filter Include="Header Files\Engine">
      <UniqueIdentifier>{245d431e-5ad4-47af-898b-1637aa252848}</UniqueIdentifier>
    </Filter>
    <Filter Include="Header Files\Engine\API">
      <UniqueIdentifier>{e8d7a8a3-5516-463d-96ed-4e840c59ea8d}</UniqueIdentifier>
    </Filter>
    <Filter Include="Header Files\Engine\Render">
      <UniqueIdentifier>{8a4378fa-ef94-4dfb-89c1-4ef7684629e2}</UniqueIdentifier>
    </Filter>
    <Filter Include="Header Files\Engine\Audio">
      <UniqueIdentifier>{b14aa2ce-1726-4bd4-8fdc-6992cffeb8d7}</UniqueIdentifier>
    </Filter>
    <Filter Include="Header Files\Engine\Physics">
      <UniqueIdentifier>{8b5e3cf5-6ffc-4424-b21f-e402daed8720}</UniqueIdentifier>
    </Filter>
    <Filter Include="Header Files\Engine\API\Model">
      <UniqueIdentifier>{980c1f53-67cc-4aaf-af92-e0917df2757f}</UniqueIdentifier>
    </Filter>
    <Filter Include="Header Files\Engine\Render\OpenGL">
      <UniqueIdentifier>{8de586ae-ccc7-4acc-96a6-2d23ea30a1da}</UniqueIdentifier>
    </Filter>
    <Filter Include="Header Files\Engine\Render\DirectX">
      <UniqueIdentifier>{9890f63c-65bc-4320-8b33-9f0197b59aba}</UniqueIdentifier>
    </Filter>
    <Filter Include="Source Files\Engine">
      <UniqueIdentifier>{94ab2ded-c40a-4fa4-acd8-fa4a534c9ad5}</UniqueIdentifier>
    </Filter>
    <Filter Include="Source Files\Engine\API">
      <UniqueIdentifier>{c3893106-b774-44be-bcb2-4660c3ffab75}</UniqueIdentifier>
    </Filter>
    <Filter Include="Source Files\Engine\API\Model">
      <UniqueIdentifier>{d76ee44e-548c-4f27-abd5-c1600ac1a6ef}</UniqueIdentifier>
    </Filter>
    <Filter Include="Header Files\Dependencies">
      <UniqueIdentifier>{552668b3-62fa-438c-a783-63a3470eb939}</UniqueIdentifier>
    </Filter>
    <Filter Include="Header Files\Dependencies\boolinq">
      <UniqueIdentifier>{0b6d8e80-44f3-44e7-ae34-154ff6b4b194}</UniqueIdentifier>
    </Filter>
    <Filter Include="Header Files\Dependencies\nuklear">
      <UniqueIdentifier>{39079470-d648-4c47-abe7-f2a60205f168}</UniqueIdentifier>
    </Filter>
    <Filter Include="Header Files\Dependencies\nuklear\nuklear_drivers">
      <UniqueIdentifier>{3446ad75-8713-4e95-9444-7eb6d81c98b6}</UniqueIdentifier>
    </Filter>
    <Filter Include="Header Files\Dependencies\nuklear\nkc_frontend">
      <UniqueIdentifier>{268c2871-b5a1-4f2a-822b-e4630183b9b2}</UniqueIdentifier>
    </Filter>
    <Filter Include="Header Files\Dependencies\nuklear\nkc_frontend\helpers">
      <UniqueIdentifier>{5445f024-c883-4a17-b08f-2cb74f5d99fe}</UniqueIdentifier>
    </Filter>
  </ItemGroup>
  <ItemGroup>
    <ClInclude Include="targetver.h">
      <Filter>Header Files</Filter>
    </ClInclude>
    <ClInclude Include="stdafx.h">
      <Filter>Header Files</Filter>
    </ClInclude>
    <ClInclude Include="Engine\API\Model\Clock.h">
      <Filter>Header Files\Engine\API\Model</Filter>
    </ClInclude>
    <ClInclude Include="Engine\API\Model\Color.h">
      <Filter>Header Files\Engine\API\Model</Filter>
    </ClInclude>
    <ClInclude Include="Engine\API\Model\Game.h">
      <Filter>Header Files\Engine\API\Model</Filter>
    </ClInclude>
    <ClInclude Include="Engine\API\Model\GameObject.h">
      <Filter>Header Files\Engine\API\Model</Filter>
    </ClInclude>
    <ClInclude Include="Engine\API\Model\Include.h">
      <Filter>Header Files\Engine\API\Model</Filter>
    </ClInclude>
    <ClInclude Include="Engine\API\Model\Math.h">
      <Filter>Header Files\Engine\API\Model</Filter>
    </ClInclude>
    <ClInclude Include="Engine\API\Model\Module.h">
      <Filter>Header Files\Engine\API\Model</Filter>
    </ClInclude>
    <ClInclude Include="Engine\API\Model\Scene.h">
      <Filter>Header Files\Engine\API\Model</Filter>
    </ClInclude>
    <ClInclude Include="Engine\API\Model\Time.h">
      <Filter>Header Files\Engine\API\Model</Filter>
    </ClInclude>
    <ClInclude Include="Engine\API\Model\Transform.h">
      <Filter>Header Files\Engine\API\Model</Filter>
    </ClInclude>
    <ClInclude Include="Engine\API\Model\Vector.h">
      <Filter>Header Files\Engine\API\Model</Filter>
    </ClInclude>
    <ClInclude Include="Engine\API\GUI.h">
      <Filter>Header Files\Engine\API</Filter>
    </ClInclude>
    <ClInclude Include="Engine\Render\IRenderer.h">
      <Filter>Header Files\Engine\Render</Filter>
    </ClInclude>
    <ClInclude Include="Engine\Render\OpenGL\OpenGLRenderer.h">
      <Filter>Header Files\Engine\Render\OpenGL</Filter>
    </ClInclude>
    <ClInclude Include="Engine\Render\DirectX\DirectXRenderer.h">
      <Filter>Header Files\Engine\Render\DirectX</Filter>
    </ClInclude>
    <ClInclude Include="Engine\API\Model\Texture.h">
      <Filter>Header Files\Engine\API\Model</Filter>
    </ClInclude>
    <ClInclude Include="Engine\API\Model\Component.h">
      <Filter>Header Files\Engine\API\Model</Filter>
    </ClInclude>
    <ClInclude Include="Engine\API\Model\Script.h">
      <Filter>Header Files\Engine\API\Model</Filter>
    </ClInclude>
    <ClInclude Include="Engine\API\Model\ID.h">
      <Filter>Header Files\Engine\API\Model</Filter>
    </ClInclude>
    <ClInclude Include="Engine\API\Model\Package.h">
      <Filter>Header Files\Engine\API\Model</Filter>
    </ClInclude>
    <ClInclude Include="Engine\API\Model\Material.h">
      <Filter>Header Files\Engine\API\Model</Filter>
    </ClInclude>
    <ClInclude Include="Engine\API\Model\Shader.h">
      <Filter>Header Files\Engine\API\Model</Filter>
    </ClInclude>
    <ClInclude Include="Engine\API\Model\Collider.h">
      <Filter>Header Files\Engine\API\Model</Filter>
    </ClInclude>
    <ClInclude Include="Engine\Render\RenderWindow.h">
      <Filter>Header Files\Engine\Render</Filter>
    </ClInclude>
    <ClInclude Include="Engine\Render\DirectX\DXModel.h">
      <Filter>Header Files\Engine\Render\DirectX</Filter>
    </ClInclude>
    <ClInclude Include="Engine\API\Model\Camera.h">
      <Filter>Header Files\Engine\API\Model</Filter>
    </ClInclude>
    <ClInclude Include="Engine\API\Model\Mesh.h">
      <Filter>Header Files\Engine\API\Model</Filter>
    </ClInclude>
    <ClInclude Include="Engine\API\Model\Light.h">
      <Filter>Header Files\Engine\API\Model</Filter>
    </ClInclude>
    <ClInclude Include="Engine\API\Model\MeshRenderer.h">
      <Filter>Header Files\Engine\API\Model</Filter>
    </ClInclude>
    <ClInclude Include="Engine\API\Model\Layers.h">
      <Filter>Header Files\Engine\API\Model</Filter>
    </ClInclude>
    <ClInclude Include="Dependencies\boolinq\boolinq.h">
      <Filter>Header Files\Dependencies\boolinq</Filter>
    </ClInclude>
    <ClInclude Include="Dependencies\nuklear\nuklear.h">
      <Filter>Header Files\Dependencies\nuklear</Filter>
    </ClInclude>
    <ClInclude Include="Dependencies\nuklear\nuklear_cross.h">
      <Filter>Header Files\Dependencies\nuklear</Filter>
    </ClInclude>
    <ClInclude Include="Dependencies\nuklear\stb_image.h">
      <Filter>Header Files\Dependencies\nuklear</Filter>
    </ClInclude>
    <ClInclude Include="Dependencies\nuklear\nuklear_drivers\nuklear_gdip.h">
      <Filter>Header Files\Dependencies\nuklear\nuklear_drivers</Filter>
    </ClInclude>
    <ClInclude Include="Dependencies\nuklear\nuklear_drivers\nuklear_glfw_emscripten.h">
      <Filter>Header Files\Dependencies\nuklear\nuklear_drivers</Filter>
    </ClInclude>
    <ClInclude Include="Dependencies\nuklear\nuklear_drivers\nuklear_glfw_gl2.h">
      <Filter>Header Files\Dependencies\nuklear\nuklear_drivers</Filter>
    </ClInclude>
    <ClInclude Include="Dependencies\nuklear\nuklear_drivers\nuklear_glfw_gl3.h">
      <Filter>Header Files\Dependencies\nuklear\nuklear_drivers</Filter>
    </ClInclude>
    <ClInclude Include="Dependencies\nuklear\nuklear_drivers\nuklear_sdl_gl2.h">
      <Filter>Header Files\Dependencies\nuklear\nuklear_drivers</Filter>
    </ClInclude>
    <ClInclude Include="Dependencies\nuklear\nuklear_drivers\nuklear_sdl_gl3.h">
      <Filter>Header Files\Dependencies\nuklear\nuklear_drivers</Filter>
    </ClInclude>
    <ClInclude Include="Dependencies\nuklear\nuklear_drivers\nuklear_sdl_gles2.h">
      <Filter>Header Files\Dependencies\nuklear\nuklear_drivers</Filter>
    </ClInclude>
    <ClInclude Include="Dependencies\nuklear\nuklear_drivers\nuklear_xlib.h">
      <Filter>Header Files\Dependencies\nuklear\nuklear_drivers</Filter>
    </ClInclude>
    <ClInclude Include="Dependencies\nuklear\nuklear_drivers\nuklear_xlib_gl2.h">
      <Filter>Header Files\Dependencies\nuklear\nuklear_drivers</Filter>
    </ClInclude>
    <ClInclude Include="Dependencies\nuklear\nuklear_drivers\nuklear_xlib_gl3.h">
      <Filter>Header Files\Dependencies\nuklear\nuklear_drivers</Filter>
    </ClInclude>
    <ClInclude Include="Dependencies\nuklear\nuklear_drivers\nuklear_xlib_prev.h">
      <Filter>Header Files\Dependencies\nuklear\nuklear_drivers</Filter>
    </ClInclude>
    <ClInclude Include="Dependencies\nuklear\nkc_frontend\nkc_gdip.h">
      <Filter>Header Files\Dependencies\nuklear\nkc_frontend</Filter>
    </ClInclude>
    <ClInclude Include="Dependencies\nuklear\nkc_frontend\nkc_glfw.h">
      <Filter>Header Files\Dependencies\nuklear\nkc_frontend</Filter>
    </ClInclude>
    <ClInclude Include="Dependencies\nuklear\nkc_frontend\nkc_sdl.h">
      <Filter>Header Files\Dependencies\nuklear\nkc_frontend</Filter>
    </ClInclude>
    <ClInclude Include="Dependencies\nuklear\nkc_frontend\nkc_xlib.h">
      <Filter>Header Files\Dependencies\nuklear\nkc_frontend</Filter>
    </ClInclude>
    <ClInclude Include="Dependencies\nuklear\nkc_frontend\helpers\nkc_emscripten.h">
      <Filter>Header Files\Dependencies\nuklear\nkc_frontend\helpers</Filter>
    </ClInclude>
    <ClInclude Include="Dependencies\nuklear\nkc_frontend\helpers\nkc_file.h">
      <Filter>Header Files\Dependencies\nuklear\nkc_frontend\helpers</Filter>
    </ClInclude>
    <ClInclude Include="Dependencies\nuklear\nkc_frontend\helpers\nkc_font_stash.h">
      <Filter>Header Files\Dependencies\nuklear\nkc_frontend\helpers</Filter>
    </ClInclude>
    <ClInclude Include="Dependencies\nuklear\nkc_frontend\helpers\nkc_keyboard.h">
      <Filter>Header Files\Dependencies\nuklear\nkc_frontend\helpers</Filter>
    </ClInclude>
    <ClInclude Include="Dependencies\nuklear\nkc_frontend\helpers\nkc_stb_image.h">
      <Filter>Header Files\Dependencies\nuklear\nkc_frontend\helpers</Filter>
    </ClInclude>
    <ClInclude Include="Dependencies\nuklear\nkc_frontend\helpers\nkc_stbi_unused.h">
      <Filter>Header Files\Dependencies\nuklear\nkc_frontend\helpers</Filter>
    </ClInclude>
  </ItemGroup>
  <ItemGroup>
    <ClCompile Include="stdafx.cpp">
      <Filter>Source Files</Filter>
    </ClCompile>
    <ClCompile Include="Engine\API\Model\Vector.cpp">
      <Filter>Source Files\Engine\API\Model</Filter>
    </ClCompile>
    <ClCompile Include="Dependencies\nuklear\nuklear_cross.c">
      <Filter>Header Files\Dependencies\nuklear</Filter>
    </ClCompile>
  </ItemGroup>
</Project>